// !$*UTF8*$!
{
	archiveVersion = 1;
	classes = {
	};
	objectVersion = 46;
	objects = {

/* Begin PBXBuildFile section */
		3FD497A41E3A94FB001EA33D /* Priority.swift in Sources */ = {isa = PBXBuildFile; fileRef = 3FD497A31E3A94FB001EA33D /* Priority.swift */; };
		3FD497A61E3A96EF001EA33D /* ToDo.swift in Sources */ = {isa = PBXBuildFile; fileRef = 3FD497A51E3A96EF001EA33D /* ToDo.swift */; };
		3FD497A81E3AA2EA001EA33D /* AddAndEditViewController.swift in Sources */ = {isa = PBXBuildFile; fileRef = 3FD497A71E3AA2EA001EA33D /* AddAndEditViewController.swift */; };
		830B64521E364ECB00DEEDD0 /* AppDelegate.swift in Sources */ = {isa = PBXBuildFile; fileRef = 830B64511E364ECB00DEEDD0 /* AppDelegate.swift */; };
		830B64541E364ECB00DEEDD0 /* ViewController.swift in Sources */ = {isa = PBXBuildFile; fileRef = 830B64531E364ECB00DEEDD0 /* ViewController.swift */; };
		830B64571E364ECB00DEEDD0 /* Main.storyboard in Resources */ = {isa = PBXBuildFile; fileRef = 830B64551E364ECB00DEEDD0 /* Main.storyboard */; };
		830B64591E364ECB00DEEDD0 /* Assets.xcassets in Resources */ = {isa = PBXBuildFile; fileRef = 830B64581E364ECB00DEEDD0 /* Assets.xcassets */; };
		830B645C1E364ECB00DEEDD0 /* LaunchScreen.storyboard in Resources */ = {isa = PBXBuildFile; fileRef = 830B645A1E364ECB00DEEDD0 /* LaunchScreen.storyboard */; };
		830B64671E364ECB00DEEDD0 /* ToDoUITests.swift in Sources */ = {isa = PBXBuildFile; fileRef = 830B64661E364ECB00DEEDD0 /* ToDoUITests.swift */; };
/* End PBXBuildFile section */

/* Begin PBXContainerItemProxy section */
		830B64631E364ECB00DEEDD0 /* PBXContainerItemProxy */ = {
			isa = PBXContainerItemProxy;
			containerPortal = 830B64461E364ECB00DEEDD0 /* Project object */;
			proxyType = 1;
			remoteGlobalIDString = 830B644D1E364ECB00DEEDD0;
			remoteInfo = ToDo;
		};
/* End PBXContainerItemProxy section */

/* Begin PBXFileReference section */
		3FD497A31E3A94FB001EA33D /* Priority.swift */ = {isa = PBXFileReference; fileEncoding = 4; lastKnownFileType = sourcecode.swift; path = Priority.swift; sourceTree = "<group>"; };
		3FD497A51E3A96EF001EA33D /* ToDo.swift */ = {isa = PBXFileReference; fileEncoding = 4; lastKnownFileType = sourcecode.swift; path = ToDo.swift; sourceTree = "<group>"; };
		3FD497A71E3AA2EA001EA33D /* AddAndEditViewController.swift */ = {isa = PBXFileReference; fileEncoding = 4; lastKnownFileType = sourcecode.swift; path = AddAndEditViewController.swift; sourceTree = "<group>"; };
		830B644E1E364ECB00DEEDD0 /* ToDo.app */ = {isa = PBXFileReference; explicitFileType = wrapper.application; includeInIndex = 0; path = ToDo.app; sourceTree = BUILT_PRODUCTS_DIR; };
		830B64511E364ECB00DEEDD0 /* AppDelegate.swift */ = {isa = PBXFileReference; lastKnownFileType = sourcecode.swift; path = AppDelegate.swift; sourceTree = "<group>"; };
		830B64531E364ECB00DEEDD0 /* ViewController.swift */ = {isa = PBXFileReference; lastKnownFileType = sourcecode.swift; path = ViewController.swift; sourceTree = "<group>"; };
		830B64561E364ECB00DEEDD0 /* Base */ = {isa = PBXFileReference; lastKnownFileType = file.storyboard; name = Base; path = Base.lproj/Main.storyboard; sourceTree = "<group>"; };
		830B64581E364ECB00DEEDD0 /* Assets.xcassets */ = {isa = PBXFileReference; lastKnownFileType = folder.assetcatalog; path = Assets.xcassets; sourceTree = "<group>"; };
		830B645B1E364ECB00DEEDD0 /* Base */ = {isa = PBXFileReference; lastKnownFileType = file.storyboard; name = Base; path = Base.lproj/LaunchScreen.storyboard; sourceTree = "<group>"; };
		830B645D1E364ECB00DEEDD0 /* Info.plist */ = {isa = PBXFileReference; lastKnownFileType = text.plist.xml; path = Info.plist; sourceTree = "<group>"; };
		830B64621E364ECB00DEEDD0 /* ToDoUITests.xctest */ = {isa = PBXFileReference; explicitFileType = wrapper.cfbundle; includeInIndex = 0; path = ToDoUITests.xctest; sourceTree = BUILT_PRODUCTS_DIR; };
		830B64661E364ECB00DEEDD0 /* ToDoUITests.swift */ = {isa = PBXFileReference; lastKnownFileType = sourcecode.swift; path = ToDoUITests.swift; sourceTree = "<group>"; };
		830B64681E364ECB00DEEDD0 /* Info.plist */ = {isa = PBXFileReference; lastKnownFileType = text.plist.xml; path = Info.plist; sourceTree = "<group>"; };
/* End PBXFileReference section */

/* Begin PBXFrameworksBuildPhase section */
		830B644B1E364ECB00DEEDD0 /* Frameworks */ = {
			isa = PBXFrameworksBuildPhase;
			buildActionMask = 2147483647;
			files = (
			);
			runOnlyForDeploymentPostprocessing = 0;
		};
		830B645F1E364ECB00DEEDD0 /* Frameworks */ = {
			isa = PBXFrameworksBuildPhase;
			buildActionMask = 2147483647;
			files = (
			);
			runOnlyForDeploymentPostprocessing = 0;
		};
/* End PBXFrameworksBuildPhase section */

/* Begin PBXGroup section */
		3FD497A01E3A944D001EA33D /* Models */ = {
			isa = PBXGroup;
			children = (
				3FD497A31E3A94FB001EA33D /* Priority.swift */,
				3FD497A51E3A96EF001EA33D /* ToDo.swift */,
			);
			name = Models;
			sourceTree = "<group>";
		};
		3FD497A11E3A9459001EA33D /* Views */ = {
			isa = PBXGroup;
			children = (
				830B64551E364ECB00DEEDD0 /* Main.storyboard */,
			);
			name = Views;
			sourceTree = "<group>";
		};
		3FD497A21E3A945F001EA33D /* Controllers */ = {
			isa = PBXGroup;
			children = (
				830B64531E364ECB00DEEDD0 /* ViewController.swift */,
				3FD497A71E3AA2EA001EA33D /* AddAndEditViewController.swift */,
			);
			name = Controllers;
			sourceTree = "<group>";
		};
		830B64451E364ECB00DEEDD0 = {
			isa = PBXGroup;
			children = (
				830B64501E364ECB00DEEDD0 /* ToDo */,
				830B64651E364ECB00DEEDD0 /* ToDoUITests */,
				830B644F1E364ECB00DEEDD0 /* Products */,
			);
			sourceTree = "<group>";
		};
		830B644F1E364ECB00DEEDD0 /* Products */ = {
			isa = PBXGroup;
			children = (
				830B644E1E364ECB00DEEDD0 /* ToDo.app */,
				830B64621E364ECB00DEEDD0 /* ToDoUITests.xctest */,
			);
			name = Products;
			sourceTree = "<group>";
		};
		830B64501E364ECB00DEEDD0 /* ToDo */ = {
			isa = PBXGroup;
			children = (
				3FD497A01E3A944D001EA33D /* Models */,
				3FD497A11E3A9459001EA33D /* Views */,
				3FD497A21E3A945F001EA33D /* Controllers */,
				830B64711E364F0500DEEDD0 /* SupportingFiles */,
			);
			path = ToDo;
			sourceTree = "<group>";
		};
		830B64651E364ECB00DEEDD0 /* ToDoUITests */ = {
			isa = PBXGroup;
			children = (
				830B64661E364ECB00DEEDD0 /* ToDoUITests.swift */,
				830B64681E364ECB00DEEDD0 /* Info.plist */,
			);
			path = ToDoUITests;
			sourceTree = "<group>";
		};
		830B64711E364F0500DEEDD0 /* SupportingFiles */ = {
			isa = PBXGroup;
			children = (
				830B64511E364ECB00DEEDD0 /* AppDelegate.swift */,
				830B64581E364ECB00DEEDD0 /* Assets.xcassets */,
				830B645A1E364ECB00DEEDD0 /* LaunchScreen.storyboard */,
				830B645D1E364ECB00DEEDD0 /* Info.plist */,
			);
			name = SupportingFiles;
			sourceTree = "<group>";
		};
/* End PBXGroup section */

/* Begin PBXNativeTarget section */
		830B644D1E364ECB00DEEDD0 /* ToDo */ = {
			isa = PBXNativeTarget;
			buildConfigurationList = 830B646B1E364ECB00DEEDD0 /* Build configuration list for PBXNativeTarget "ToDo" */;
			buildPhases = (
				830B644A1E364ECB00DEEDD0 /* Sources */,
				830B644B1E364ECB00DEEDD0 /* Frameworks */,
				830B644C1E364ECB00DEEDD0 /* Resources */,
			);
			buildRules = (
			);
			dependencies = (
			);
			name = ToDo;
			productName = ToDo;
			productReference = 830B644E1E364ECB00DEEDD0 /* ToDo.app */;
			productType = "com.apple.product-type.application";
		};
		830B64611E364ECB00DEEDD0 /* ToDoUITests */ = {
			isa = PBXNativeTarget;
			buildConfigurationList = 830B646E1E364ECB00DEEDD0 /* Build configuration list for PBXNativeTarget "ToDoUITests" */;
			buildPhases = (
				830B645E1E364ECB00DEEDD0 /* Sources */,
				830B645F1E364ECB00DEEDD0 /* Frameworks */,
				830B64601E364ECB00DEEDD0 /* Resources */,
			);
			buildRules = (
			);
			dependencies = (
				830B64641E364ECB00DEEDD0 /* PBXTargetDependency */,
			);
			name = ToDoUITests;
			productName = ToDoUITests;
			productReference = 830B64621E364ECB00DEEDD0 /* ToDoUITests.xctest */;
			productType = "com.apple.product-type.bundle.ui-testing";
		};
/* End PBXNativeTarget section */

/* Begin PBXProject section */
		830B64461E364ECB00DEEDD0 /* Project object */ = {
			isa = PBXProject;
			attributes = {
				LastSwiftUpdateCheck = 0820;
				LastUpgradeCheck = 0820;
				ORGANIZATIONNAME = Chris;
				TargetAttributes = {
					830B644D1E364ECB00DEEDD0 = {
						CreatedOnToolsVersion = 8.2.1;
						ProvisioningStyle = Automatic;
					};
					830B64611E364ECB00DEEDD0 = {
						CreatedOnToolsVersion = 8.2.1;
						ProvisioningStyle = Automatic;
						TestTargetID = 830B644D1E364ECB00DEEDD0;
					};
				};
			};
			buildConfigurationList = 830B64491E364ECB00DEEDD0 /* Build configuration list for PBXProject "ToDo" */;
			compatibilityVersion = "Xcode 3.2";
			developmentRegion = English;
			hasScannedForEncodings = 0;
			knownRegions = (
				en,
				Base,
			);
			mainGroup = 830B64451E364ECB00DEEDD0;
			productRefGroup = 830B644F1E364ECB00DEEDD0 /* Products */;
			projectDirPath = "";
			projectRoot = "";
			targets = (
				830B644D1E364ECB00DEEDD0 /* ToDo */,
				830B64611E364ECB00DEEDD0 /* ToDoUITests */,
			);
		};
/* End PBXProject section */

/* Begin PBXResourcesBuildPhase section */
		830B644C1E364ECB00DEEDD0 /* Resources */ = {
			isa = PBXResourcesBuildPhase;
			buildActionMask = 2147483647;
			files = (
				830B645C1E364ECB00DEEDD0 /* LaunchScreen.storyboard in Resources */,
				830B64591E364ECB00DEEDD0 /* Assets.xcassets in Resources */,
				830B64571E364ECB00DEEDD0 /* Main.storyboard in Resources */,
			);
			runOnlyForDeploymentPostprocessing = 0;
		};
		830B64601E364ECB00DEEDD0 /* Resources */ = {
			isa = PBXResourcesBuildPhase;
			buildActionMask = 2147483647;
			files = (
			);
			runOnlyForDeploymentPostprocessing = 0;
		};
/* End PBXResourcesBuildPhase section */

/* Begin PBXSourcesBuildPhase section */
		830B644A1E364ECB00DEEDD0 /* Sources */ = {
			isa = PBXSourcesBuildPhase;
			buildActionMask = 2147483647;
			files = (
				830B64541E364ECB00DEEDD0 /* ViewController.swift in Sources */,
				3FD497A81E3AA2EA001EA33D /* AddAndEditViewController.swift in Sources */,
				830B64521E364ECB00DEEDD0 /* AppDelegate.swift in Sources */,
				3FD497A41E3A94FB001EA33D /* Priority.swift in Sources */,
				3FD497A61E3A96EF001EA33D /* ToDo.swift in Sources */,
			);
			runOnlyForDeploymentPostprocessing = 0;
		};
		830B645E1E364ECB00DEEDD0 /* Sources */ = {
			isa = PBXSourcesBuildPhase;
			buildActionMask = 2147483647;
			files = (
				830B64671E364ECB00DEEDD0 /* ToDoUITests.swift in Sources */,
			);
			runOnlyForDeploymentPostprocessing = 0;
		};
/* End PBXSourcesBuildPhase section */

/* Begin PBXTargetDependency section */
		830B64641E364ECB00DEEDD0 /* PBXTargetDependency */ = {
			isa = PBXTargetDependency;
			target = 830B644D1E364ECB00DEEDD0 /* ToDo */;
			targetProxy = 830B64631E364ECB00DEEDD0 /* PBXContainerItemProxy */;
		};
/* End PBXTargetDependency section */

/* Begin PBXVariantGroup section */
		830B64551E364ECB00DEEDD0 /* Main.storyboard */ = {
			isa = PBXVariantGroup;
			children = (
				830B64561E364ECB00DEEDD0 /* Base */,
			);
			name = Main.storyboard;
			sourceTree = "<group>";
		};
		830B645A1E364ECB00DEEDD0 /* LaunchScreen.storyboard */ = {
			isa = PBXVariantGroup;
			children = (
				830B645B1E364ECB00DEEDD0 /* Base */,
			);
			name = LaunchScreen.storyboard;
			sourceTree = "<group>";
		};
/* End PBXVariantGroup section */

/* Begin XCBuildConfiguration section */
		830B64691E364ECB00DEEDD0 /* Debug */ = {
			isa = XCBuildConfiguration;
			buildSettings = {
				ALWAYS_SEARCH_USER_PATHS = NO;
				CLANG_ANALYZER_NONNULL = YES;
				CLANG_CXX_LANGUAGE_STANDARD = "gnu++0x";
				CLANG_CXX_LIBRARY = "libc++";
				CLANG_ENABLE_MODULES = YES;
				CLANG_ENABLE_OBJC_ARC = YES;
				CLANG_WARN_BOOL_CONVERSION = YES;
				CLANG_WARN_CONSTANT_CONVERSION = YES;
				CLANG_WARN_DIRECT_OBJC_ISA_USAGE = YES_ERROR;
				CLANG_WARN_DOCUMENTATION_COMMENTS = YES;
				CLANG_WARN_EMPTY_BODY = YES;
				CLANG_WARN_ENUM_CONVERSION = YES;
				CLANG_WARN_INFINITE_RECURSION = YES;
				CLANG_WARN_INT_CONVERSION = YES;
				CLANG_WARN_OBJC_ROOT_CLASS = YES_ERROR;
				CLANG_WARN_SUSPICIOUS_MOVE = YES;
				CLANG_WARN_UNREACHABLE_CODE = YES;
				CLANG_WARN__DUPLICATE_METHOD_MATCH = YES;
				"CODE_SIGN_IDENTITY[sdk=iphoneos*]" = "iPhone Developer";
				COPY_PHASE_STRIP = NO;
				DEBUG_INFORMATION_FORMAT = dwarf;
				ENABLE_STRICT_OBJC_MSGSEND = YES;
				ENABLE_TESTABILITY = YES;
				GCC_C_LANGUAGE_STANDARD = gnu99;
				GCC_DYNAMIC_NO_PIC = NO;
				GCC_NO_COMMON_BLOCKS = YES;
				GCC_OPTIMIZATION_LEVEL = 0;
				GCC_PREPROCESSOR_DEFINITIONS = (
					"DEBUG=1",
					"$(inherited)",
				);
				GCC_WARN_64_TO_32_BIT_CONVERSION = YES;
				GCC_WARN_ABOUT_RETURN_TYPE = YES_ERROR;
				GCC_WARN_UNDECLARED_SELECTOR = YES;
				GCC_WARN_UNINITIALIZED_AUTOS = YES_AGGRESSIVE;
				GCC_WARN_UNUSED_FUNCTION = YES;
				GCC_WARN_UNUSED_VARIABLE = YES;
				IPHONEOS_DEPLOYMENT_TARGET = 10.2;
				MTL_ENABLE_DEBUG_INFO = YES;
				ONLY_ACTIVE_ARCH = YES;
				SDKROOT = iphoneos;
				SWIFT_ACTIVE_COMPILATION_CONDITIONS = DEBUG;
				SWIFT_OPTIMIZATION_LEVEL = "-Onone";
			};
			name = Debug;
		};
		830B646A1E364ECB00DEEDD0 /* Release */ = {
			isa = XCBuildConfiguration;
			buildSettings = {
				ALWAYS_SEARCH_USER_PATHS = NO;
				CLANG_ANALYZER_NONNULL = YES;
				CLANG_CXX_LANGUAGE_STANDARD = "gnu++0x";
				CLANG_CXX_LIBRARY = "libc++";
				CLANG_ENABLE_MODULES = YES;
				CLANG_ENABLE_OBJC_ARC = YES;
				CLANG_WARN_BOOL_CONVERSION = YES;
				CLANG_WARN_CONSTANT_CONVERSION = YES;
				CLANG_WARN_DIRECT_OBJC_ISA_USAGE = YES_ERROR;
				CLANG_WARN_DOCUMENTATION_COMMENTS = YES;
				CLANG_WARN_EMPTY_BODY = YES;
				CLANG_WARN_ENUM_CONVERSION = YES;
				CLANG_WARN_INFINITE_RECURSION = YES;
				CLANG_WARN_INT_CONVERSION = YES;
				CLANG_WARN_OBJC_ROOT_CLASS = YES_ERROR;
				CLANG_WARN_SUSPICIOUS_MOVE = YES;
				CLANG_WARN_UNREACHABLE_CODE = YES;
				CLANG_WARN__DUPLICATE_METHOD_MATCH = YES;
				"CODE_SIGN_IDENTITY[sdk=iphoneos*]" = "iPhone Developer";
				COPY_PHASE_STRIP = NO;
				DEBUG_INFORMATION_FORMAT = "dwarf-with-dsym";
				ENABLE_NS_ASSERTIONS = NO;
				ENABLE_STRICT_OBJC_MSGSEND = YES;
				GCC_C_LANGUAGE_STANDARD = gnu99;
				GCC_NO_COMMON_BLOCKS = YES;
				GCC_WARN_64_TO_32_BIT_CONVERSION = YES;
				GCC_WARN_ABOUT_RETURN_TYPE = YES_ERROR;
				GCC_WARN_UNDECLARED_SELECTOR = YES;
				GCC_WARN_UNINITIALIZED_AUTOS = YES_AGGRESSIVE;
				GCC_WARN_UNUSED_FUNCTION = YES;
				GCC_WARN_UNUSED_VARIABLE = YES;
				IPHONEOS_DEPLOYMENT_TARGET = 10.2;
				MTL_ENABLE_DEBUG_INFO = NO;
				SDKROOT = iphoneos;
				SWIFT_OPTIMIZATION_LEVEL = "-Owholemodule";
				VALIDATE_PRODUCT = YES;
			};
			name = Release;
		};
		830B646C1E364ECB00DEEDD0 /* Debug */ = {
			isa = XCBuildConfiguration;
			buildSettings = {
				ASSETCATALOG_COMPILER_APPICON_NAME = AppIcon;
				INFOPLIST_FILE = ToDo/Info.plist;
				LD_RUNPATH_SEARCH_PATHS = "$(inherited) @executable_path/Frameworks";
				PRODUCT_BUNDLE_IDENTIFIER = com.chadillon.ToDo;
				PRODUCT_NAME = "$(TARGET_NAME)";
				SWIFT_VERSION = 3.0;
			};
			name = Debug;
		};
		830B646D1E364ECB00DEEDD0 /* Release */ = {
			isa = XCBuildConfiguration;
			buildSettings = {
				ASSETCATALOG_COMPILER_APPICON_NAME = AppIcon;
				INFOPLIST_FILE = ToDo/Info.plist;
				LD_RUNPATH_SEARCH_PATHS = "$(inherited) @executable_path/Frameworks";
				PRODUCT_BUNDLE_IDENTIFIER = com.chadillon.ToDo;
				PRODUCT_NAME = "$(TARGET_NAME)";
				SWIFT_VERSION = 3.0;
			};
			name = Release;
		};
		830B646F1E364ECB00DEEDD0 /* Debug */ = {
			isa = XCBuildConfiguration;
			buildSettings = {
				ALWAYS_EMBED_SWIFT_STANDARD_LIBRARIES = YES;
				INFOPLIST_FILE = ToDoUITests/Info.plist;
				LD_RUNPATH_SEARCH_PATHS = "$(inherited) @executable_path/Frameworks @loader_path/Frameworks";
				PRODUCT_BUNDLE_IDENTIFIER = com.chadillon.ToDoUITests;
				PRODUCT_NAME = "$(TARGET_NAME)";
				SWIFT_VERSION = 3.0;
				TEST_TARGET_NAME = ToDo;
			};
			name = Debug;
		};
		830B64701E364ECB00DEEDD0 /* Release */ = {
			isa = XCBuildConfiguration;
			buildSettings = {
				ALWAYS_EMBED_SWIFT_STANDARD_LIBRARIES = YES;
				INFOPLIST_FILE = ToDoUITests/Info.plist;
				LD_RUNPATH_SEARCH_PATHS = "$(inherited) @executable_path/Frameworks @loader_path/Frameworks";
				PRODUCT_BUNDLE_IDENTIFIER = com.chadillon.ToDoUITests;
				PRODUCT_NAME = "$(TARGET_NAME)";
				SWIFT_VERSION = 3.0;
				TEST_TARGET_NAME = ToDo;
			};
			name = Release;
		};
/* End XCBuildConfiguration section */

/* Begin XCConfigurationList section */
		830B64491E364ECB00DEEDD0 /* Build configuration list for PBXProject "ToDo" */ = {
			isa = XCConfigurationList;
			buildConfigurations = (
				830B64691E364ECB00DEEDD0 /* Debug */,
				830B646A1E364ECB00DEEDD0 /* Release */,
			);
			defaultConfigurationIsVisible = 0;
			defaultConfigurationName = Release;
		};
		830B646B1E364ECB00DEEDD0 /* Build configuration list for PBXNativeTarget "ToDo" */ = {
			isa = XCConfigurationList;
			buildConfigurations = (
				830B646C1E364ECB00DEEDD0 /* Debug */,
				830B646D1E364ECB00DEEDD0 /* Release */,
			);
			defaultConfigurationIsVisible = 0;
			defaultConfigurationName = Release;
		};
		830B646E1E364ECB00DEEDD0 /* Build configuration list for PBXNativeTarget "ToDoUITests" */ = {
			isa = XCConfigurationList;
			buildConfigurations = (
				830B646F1E364ECB00DEEDD0 /* Debug */,
				830B64701E364ECB00DEEDD0 /* Release */,
			);
			defaultConfigurationIsVisible = 0;
			defaultConfigurationName = Release;
		};
/* End XCConfigurationList section */
	};
	rootObject = 830B64461E364ECB00DEEDD0 /* Project object */;
}
